
Microsoft Visual Studio Solution File, Format Version 12.00
# Visual Studio 15
VisualStudioVersion = 15.0.28010.2036
MinimumVisualStudioVersion = 10.0.40219.1
Project("{FAE04EC0-301F-11D3-BF4B-00C04F79EFBC}") = "Tianhai.OujiangApp.Schedule.Android", "OujiangSchedule\OujiangSchedule.Android\OujiangSchedule.Android.csproj", "{00525A0D-1E74-4734-B3D7-F0191AEF84DC}"
EndProject
Project("{FAE04EC0-301F-11D3-BF4B-00C04F79EFBC}") = "Tianhai.OujiangApp.Schedule.iOS", "OujiangSchedule\OujiangSchedule.iOS\OujiangSchedule.iOS.csproj", "{725BEA4B-127C-4064-A0F3-07B756E396DD}"
EndProject
Project("{FAE04EC0-301F-11D3-BF4B-00C04F79EFBC}") = "Tianhai.OujiangApp.Schedule.UWP", "OujiangSchedule\OujiangSchedule.UWP\OujiangSchedule.UWP.csproj", "{87F67090-D2EC-48BB-A1A9-92C0C7AC27C8}"
EndProject
Project("{FAE04EC0-301F-11D3-BF4B-00C04F79EFBC}") = "Tianhai.OujiangApp.Schedule", "OujiangSchedule\OujiangSchedule\OujiangSchedule.csproj", "{0EE2F9FD-D16C-414E-944A-603EFBE1BEC6}"
EndProject
Global
	GlobalSection(SolutionConfigurationPlatforms) = preSolution
		Debug|Any CPU = Debug|Any CPU
		Debug|ARM = Debug|ARM
		Debug|iPhone = Debug|iPhone
		Debug|iPhoneSimulator = Debug|iPhoneSimulator
		Debug|x64 = Debug|x64
		Debug|x86 = Debug|x86
		Release|Any CPU = Release|Any CPU
		Release|ARM = Release|ARM
		Release|iPhone = Release|iPhone
		Release|iPhoneSimulator = Release|iPhoneSimulator
		Release|x64 = Release|x64
		Release|x86 = Release|x86
	EndGlobalSection
	GlobalSection(ProjectConfigurationPlatforms) = postSolution
		{00525A0D-1E74-4734-B3D7-F0191AEF84DC}.Debug|Any CPU.ActiveCfg = Debug|Any CPU
		{00525A0D-1E74-4734-B3D7-F0191AEF84DC}.Debug|Any CPU.Build.0 = Debug|Any CPU
		{00525A0D-1E74-4734-B3D7-F0191AEF84DC}.Debug|Any CPU.Deploy.0 = Debug|Any CPU
		{00525A0D-1E74-4734-B3D7-F0191AEF84DC}.Debug|ARM.ActiveCfg = Debug|Any CPU
		{00525A0D-1E74-4734-B3D7-F0191AEF84DC}.Debug|ARM.Build.0 = Debug|Any CPU
		{00525A0D-1E74-4734-B3D7-F0191AEF84DC}.Debug|ARM.Deploy.0 = Debug|Any CPU
		{00525A0D-1E74-4734-B3D7-F0191AEF84DC}.Debug|iPhone.ActiveCfg = Debug|Any CPU
		{00525A0D-1E74-4734-B3D7-F0191AEF84DC}.Debug|iPhone.Build.0 = Debug|Any CPU
		{00525A0D-1E74-4734-B3D7-F0191AEF84DC}.Debug|iPhone.Deploy.0 = Debug|Any CPU
		{00525A0D-1E74-4734-B3D7-F0191AEF84DC}.Debug|iPhoneSimulator.ActiveCfg = Debug|Any CPU
		{00525A0D-1E74-4734-B3D7-F0191AEF84DC}.Debug|iPhoneSimulator.Build.0 = Debug|Any CPU
		{00525A0D-1E74-4734-B3D7-F0191AEF84DC}.Debug|iPhoneSimulator.Deploy.0 = Debug|Any CPU
		{00525A0D-1E74-4734-B3D7-F0191AEF84DC}.Debug|x64.ActiveCfg = Debug|Any CPU
		{00525A0D-1E74-4734-B3D7-F0191AEF84DC}.Debug|x64.Build.0 = Debug|Any CPU
		{00525A0D-1E74-4734-B3D7-F0191AEF84DC}.Debug|x64.Deploy.0 = Debug|Any CPU
		{00525A0D-1E74-4734-B3D7-F0191AEF84DC}.Debug|x86.ActiveCfg = Debug|Any CPU
		{00525A0D-1E74-4734-B3D7-F0191AEF84DC}.Debug|x86.Build.0 = Debug|Any CPU
		{00525A0D-1E74-4734-B3D7-F0191AEF84DC}.Debug|x86.Deploy.0 = Debug|Any CPU
		{00525A0D-1E74-4734-B3D7-F0191AEF84DC}.Release|Any CPU.ActiveCfg = Release|Any CPU
		{00525A0D-1E74-4734-B3D7-F0191AEF84DC}.Release|Any CPU.Build.0 = Release|Any CPU
		{00525A0D-1E74-4734-B3D7-F0191AEF84DC}.Release|Any CPU.Deploy.0 = Release|Any CPU
		{00525A0D-1E74-4734-B3D7-F0191AEF84DC}.Release|ARM.ActiveCfg = Release|Any CPU
		{00525A0D-1E74-4734-B3D7-F0191AEF84DC}.Release|ARM.Build.0 = Release|Any CPU
		{00525A0D-1E74-4734-B3D7-F0191AEF84DC}.Release|ARM.Deploy.0 = Release|Any CPU
		{00525A0D-1E74-4734-B3D7-F0191AEF84DC}.Release|iPhone.ActiveCfg = Release|Any CPU
		{00525A0D-1E74-4734-B3D7-F0191AEF84DC}.Release|iPhone.Build.0 = Release|Any CPU
		{00525A0D-1E74-4734-B3D7-F0191AEF84DC}.Release|iPhone.Deploy.0 = Release|Any CPU
		{00525A0D-1E74-4734-B3D7-F0191AEF84DC}.Release|iPhoneSimulator.ActiveCfg = Release|Any CPU
		{00525A0D-1E74-4734-B3D7-F0191AEF84DC}.Release|iPhoneSimulator.Build.0 = Release|Any CPU
		{00525A0D-1E74-4734-B3D7-F0191AEF84DC}.Release|iPhoneSimulator.Deploy.0 = Release|Any CPU
		{00525A0D-1E74-4734-B3D7-F0191AEF84DC}.Release|x64.ActiveCfg = Release|Any CPU
		{00525A0D-1E74-4734-B3D7-F0191AEF84DC}.Release|x64.Build.0 = Release|Any CPU
		{00525A0D-1E74-4734-B3D7-F0191AEF84DC}.Release|x64.Deploy.0 = Release|Any CPU
		{00525A0D-1E74-4734-B3D7-F0191AEF84DC}.Release|x86.ActiveCfg = Release|Any CPU
		{00525A0D-1E74-4734-B3D7-F0191AEF84DC}.Release|x86.Build.0 = Release|Any CPU
		{00525A0D-1E74-4734-B3D7-F0191AEF84DC}.Release|x86.Deploy.0 = Release|Any CPU
		{725BEA4B-127C-4064-A0F3-07B756E396DD}.Debug|Any CPU.ActiveCfg = Debug|iPhone
		{725BEA4B-127C-4064-A0F3-07B756E396DD}.Debug|Any CPU.Build.0 = Debug|iPhone
		{725BEA4B-127C-4064-A0F3-07B756E396DD}.Debug|Any CPU.Deploy.0 = Debug|iPhone
		{725BEA4B-127C-4064-A0F3-07B756E396DD}.Debug|ARM.ActiveCfg = Debug|iPhone
		{725BEA4B-127C-4064-A0F3-07B756E396DD}.Debug|ARM.Build.0 = Debug|iPhone
		{725BEA4B-127C-4064-A0F3-07B756E396DD}.Debug|ARM.Deploy.0 = Debug|iPhone
		{725BEA4B-127C-4064-A0F3-07B756E396DD}.Debug|iPhone.ActiveCfg = Debug|iPhone
		{725BEA4B-127C-4064-A0F3-07B756E396DD}.Debug|iPhone.Build.0 = Debug|iPhone
		{725BEA4B-127C-4064-A0F3-07B756E396DD}.Debug|iPhone.Deploy.0 = Debug|iPhone
		{725BEA4B-127C-4064-A0F3-07B756E396DD}.Debug|iPhoneSimulator.ActiveCfg = Debug|iPhoneSimulator
		{725BEA4B-127C-4064-A0F3-07B756E396DD}.Debug|iPhoneSimulator.Build.0 = Debug|iPhoneSimulator
		{725BEA4B-127C-4064-A0F3-07B756E396DD}.Debug|iPhoneSimulator.Deploy.0 = Debug|iPhoneSimulator
		{725BEA4B-127C-4064-A0F3-07B756E396DD}.Debug|x64.ActiveCfg = Debug|iPhone
		{725BEA4B-127C-4064-A0F3-07B756E396DD}.Debug|x64.Build.0 = Debug|iPhone
		{725BEA4B-127C-4064-A0F3-07B756E396DD}.Debug|x64.Deploy.0 = Debug|iPhone
		{725BEA4B-127C-4064-A0F3-07B756E396DD}.Debug|x86.ActiveCfg = Debug|iPhone
		{725BEA4B-127C-4064-A0F3-07B756E396DD}.Debug|x86.Build.0 = Debug|iPhone
		{725BEA4B-127C-4064-A0F3-07B756E396DD}.Debug|x86.Deploy.0 = Debug|iPhone
		{725BEA4B-127C-4064-A0F3-07B756E396DD}.Release|Any CPU.ActiveCfg = Release|iPhone
		{725BEA4B-127C-4064-A0F3-07B756E396DD}.Release|Any CPU.Build.0 = Release|iPhone
		{725BEA4B-127C-4064-A0F3-07B756E396DD}.Release|Any CPU.Deploy.0 = Release|iPhone
		{725BEA4B-127C-4064-A0F3-07B756E396DD}.Release|ARM.ActiveCfg = Release|iPhone
		{725BEA4B-127C-4064-A0F3-07B756E396DD}.Release|ARM.Build.0 = Release|iPhone
		{725BEA4B-127C-4064-A0F3-07B756E396DD}.Release|ARM.Deploy.0 = Release|iPhone
		{725BEA4B-127C-4064-A0F3-07B756E396DD}.Release|iPhone.ActiveCfg = Release|iPhone
		{725BEA4B-127C-4064-A0F3-07B756E396DD}.Release|iPhone.Build.0 = Release|iPhone
		{725BEA4B-127C-4064-A0F3-07B756E396DD}.Release|iPhone.Deploy.0 = Release|iPhone
		{725BEA4B-127C-4064-A0F3-07B756E396DD}.Release|iPhoneSimulator.ActiveCfg = Release|iPhoneSimulator
		{725BEA4B-127C-4064-A0F3-07B756E396DD}.Release|iPhoneSimulator.Build.0 = Release|iPhoneSimulator
		{725BEA4B-127C-4064-A0F3-07B756E396DD}.Release|iPhoneSimulator.Deploy.0 = Release|iPhoneSimulator
		{725BEA4B-127C-4064-A0F3-07B756E396DD}.Release|x64.ActiveCfg = Release|iPhone
		{725BEA4B-127C-4064-A0F3-07B756E396DD}.Release|x64.Build.0 = Release|iPhone
		{725BEA4B-127C-4064-A0F3-07B756E396DD}.Release|x64.Deploy.0 = Release|iPhone
		{725BEA4B-127C-4064-A0F3-07B756E396DD}.Release|x86.ActiveCfg = Release|iPhone
		{725BEA4B-127C-4064-A0F3-07B756E396DD}.Release|x86.Build.0 = Release|iPhone
		{725BEA4B-127C-4064-A0F3-07B756E396DD}.Release|x86.Deploy.0 = Release|iPhone
		{87F67090-D2EC-48BB-A1A9-92C0C7AC27C8}.Debug|Any CPU.ActiveCfg = Debug|x86
		{87F67090-D2EC-48BB-A1A9-92C0C7AC27C8}.Debug|Any CPU.Build.0 = Debug|x86
		{87F67090-D2EC-48BB-A1A9-92C0C7AC27C8}.Debug|Any CPU.Deploy.0 = Debug|x86
		{87F67090-D2EC-48BB-A1A9-92C0C7AC27C8}.Debug|ARM.ActiveCfg = Debug|ARM
		{87F67090-D2EC-48BB-A1A9-92C0C7AC27C8}.Debug|ARM.Build.0 = Debug|ARM
		{87F67090-D2EC-48BB-A1A9-92C0C7AC27C8}.Debug|ARM.Deploy.0 = Debug|ARM
		{87F67090-D2EC-48BB-A1A9-92C0C7AC27C8}.Debug|iPhone.ActiveCfg = Debug|x86
		{87F67090-D2EC-48BB-A1A9-92C0C7AC27C8}.Debug|iPhone.Build.0 = Debug|x86
		{87F67090-D2EC-48BB-A1A9-92C0C7AC27C8}.Debug|iPhone.Deploy.0 = Debug|x86
		{87F67090-D2EC-48BB-A1A9-92C0C7AC27C8}.Debug|iPhoneSimulator.ActiveCfg = Debug|x86
		{87F67090-D2EC-48BB-A1A9-92C0C7AC27C8}.Debug|iPhoneSimulator.Build.0 = Debug|x86
		{87F67090-D2EC-48BB-A1A9-92C0C7AC27C8}.Debug|iPhoneSimulator.Deploy.0 = Debug|x86
		{87F67090-D2EC-48BB-A1A9-92C0C7AC27C8}.Debug|x64.ActiveCfg = Debug|x64
		{87F67090-D2EC-48BB-A1A9-92C0C7AC27C8}.Debug|x64.Build.0 = Debug|x64
		{87F67090-D2EC-48BB-A1A9-92C0C7AC27C8}.Debug|x64.Deploy.0 = Debug|x64
		{87F67090-D2EC-48BB-A1A9-92C0C7AC27C8}.Debug|x86.ActiveCfg = Debug|x86
		{87F67090-D2EC-48BB-A1A9-92C0C7AC27C8}.Debug|x86.Build.0 = Debug|x86
		{87F67090-D2EC-48BB-A1A9-92C0C7AC27C8}.Debug|x86.Deploy.0 = Debug|x86
		{87F67090-D2EC-48BB-A1A9-92C0C7AC27C8}.Release|Any CPU.ActiveCfg = Release|x86
		{87F67090-D2EC-48BB-A1A9-92C0C7AC27C8}.Release|Any CPU.Build.0 = Release|x86
		{87F67090-D2EC-48BB-A1A9-92C0C7AC27C8}.Release|Any CPU.Deploy.0 = Release|x86
		{87F67090-D2EC-48BB-A1A9-92C0C7AC27C8}.Release|ARM.ActiveCfg = Release|ARM
		{87F67090-D2EC-48BB-A1A9-92C0C7AC27C8}.Release|ARM.Build.0 = Release|ARM
		{87F67090-D2EC-48BB-A1A9-92C0C7AC27C8}.Release|ARM.Deploy.0 = Release|ARM
		{87F67090-D2EC-48BB-A1A9-92C0C7AC27C8}.Release|iPhone.ActiveCfg = Release|x86
		{87F67090-D2EC-48BB-A1A9-92C0C7AC27C8}.Release|iPhone.Build.0 = Release|x86
		{87F67090-D2EC-48BB-A1A9-92C0C7AC27C8}.Release|iPhone.Deploy.0 = Release|x86
		{87F67090-D2EC-48BB-A1A9-92C0C7AC27C8}.Release|iPhoneSimulator.ActiveCfg = Release|x86
		{87F67090-D2EC-48BB-A1A9-92C0C7AC27C8}.Release|iPhoneSimulator.Build.0 = Release|x86
		{87F67090-D2EC-48BB-A1A9-92C0C7AC27C8}.Release|iPhoneSimulator.Deploy.0 = Release|x86
		{87F67090-D2EC-48BB-A1A9-92C0C7AC27C8}.Release|x64.ActiveCfg = Release|x64
		{87F67090-D2EC-48BB-A1A9-92C0C7AC27C8}.Release|x64.Build.0 = Release|x64
		{87F67090-D2EC-48BB-A1A9-92C0C7AC27C8}.Release|x64.Deploy.0 = Release|x64
		{87F67090-D2EC-48BB-A1A9-92C0C7AC27C8}.Release|x86.ActiveCfg = Release|x86
		{87F67090-D2EC-48BB-A1A9-92C0C7AC27C8}.Release|x86.Build.0 = Release|x86
		{87F67090-D2EC-48BB-A1A9-92C0C7AC27C8}.Release|x86.Deploy.0 = Release|x86
		{0EE2F9FD-D16C-414E-944A-603EFBE1BEC6}.Debug|Any CPU.ActiveCfg = Debug|Any CPU
		{0EE2F9FD-D16C-414E-944A-603EFBE1BEC6}.Debug|Any CPU.Build.0 = Debug|Any CPU
		{0EE2F9FD-D16C-414E-944A-603EFBE1BEC6}.Debug|Any CPU.Deploy.0 = Debug|Any CPU
		{0EE2F9FD-D16C-414E-944A-603EFBE1BEC6}.Debug|ARM.ActiveCfg = Debug|Any CPU
		{0EE2F9FD-D16C-414E-944A-603EFBE1BEC6}.Debug|ARM.Build.0 = Debug|Any CPU
		{0EE2F9FD-D16C-414E-944A-603EFBE1BEC6}.Debug|ARM.Deploy.0 = Debug|Any CPU
		{0EE2F9FD-D16C-414E-944A-603EFBE1BEC6}.Debug|iPhone.ActiveCfg = Debug|Any CPU
		{0EE2F9FD-D16C-414E-944A-603EFBE1BEC6}.Debug|iPhone.Build.0 = Debug|Any CPU
		{0EE2F9FD-D16C-414E-944A-603EFBE1BEC6}.Debug|iPhone.Deploy.0 = Debug|Any CPU
		{0EE2F9FD-D16C-414E-944A-603EFBE1BEC6}.Debug|iPhoneSimulator.ActiveCfg = Debug|Any CPU
		{0EE2F9FD-D16C-414E-944A-603EFBE1BEC6}.Debug|iPhoneSimulator.Build.0 = Debug|Any CPU
		{0EE2F9FD-D16C-414E-944A-603EFBE1BEC6}.Debug|iPhoneSimulator.Deploy.0 = Debug|Any CPU
		{0EE2F9FD-D16C-414E-944A-603EFBE1BEC6}.Debug|x64.ActiveCfg = Debug|Any CPU
		{0EE2F9FD-D16C-414E-944A-603EFBE1BEC6}.Debug|x64.Build.0 = Debug|Any CPU
		{0EE2F9FD-D16C-414E-944A-603EFBE1BEC6}.Debug|x64.Deploy.0 = Debug|Any CPU
		{0EE2F9FD-D16C-414E-944A-603EFBE1BEC6}.Debug|x86.ActiveCfg = Debug|Any CPU
		{0EE2F9FD-D16C-414E-944A-603EFBE1BEC6}.Debug|x86.Build.0 = Debug|Any CPU
		{0EE2F9FD-D16C-414E-944A-603EFBE1BEC6}.Debug|x86.Deploy.0 = Debug|Any CPU
		{0EE2F9FD-D16C-414E-944A-603EFBE1BEC6}.Release|Any CPU.ActiveCfg = Release|Any CPU
		{0EE2F9FD-D16C-414E-944A-603EFBE1BEC6}.Release|Any CPU.Build.0 = Release|Any CPU
		{0EE2F9FD-D16C-414E-944A-603EFBE1BEC6}.Release|Any CPU.Deploy.0 = Release|Any CPU
		{0EE2F9FD-D16C-414E-944A-603EFBE1BEC6}.Release|ARM.ActiveCfg = Release|Any CPU
		{0EE2F9FD-D16C-414E-944A-603EFBE1BEC6}.Release|ARM.Build.0 = Release|Any CPU
		{0EE2F9FD-D16C-414E-944A-603EFBE1BEC6}.Release|ARM.Deploy.0 = Release|Any CPU
		{0EE2F9FD-D16C-414E-944A-603EFBE1BEC6}.Release|iPhone.ActiveCfg = Release|Any CPU
		{0EE2F9FD-D16C-414E-944A-603EFBE1BEC6}.Release|iPhone.Build.0 = Release|Any CPU
		{0EE2F9FD-D16C-414E-944A-603EFBE1BEC6}.Release|iPhone.Deploy.0 = Release|Any CPU
		{0EE2F9FD-D16C-414E-944A-603EFBE1BEC6}.Release|iPhoneSimulator.ActiveCfg = Release|Any CPU
		{0EE2F9FD-D16C-414E-944A-603EFBE1BEC6}.Release|iPhoneSimulator.Build.0 = Release|Any CPU
		{0EE2F9FD-D16C-414E-944A-603EFBE1BEC6}.Release|iPhoneSimulator.Deploy.0 = Release|Any CPU
		{0EE2F9FD-D16C-414E-944A-603EFBE1BEC6}.Release|x64.ActiveCfg = Release|Any CPU
		{0EE2F9FD-D16C-414E-944A-603EFBE1BEC6}.Release|x64.Build.0 = Release|Any CPU
		{0EE2F9FD-D16C-414E-944A-603EFBE1BEC6}.Release|x64.Deploy.0 = Release|Any CPU
		{0EE2F9FD-D16C-414E-944A-603EFBE1BEC6}.Release|x86.ActiveCfg = Release|Any CPU
		{0EE2F9FD-D16C-414E-944A-603EFBE1BEC6}.Release|x86.Build.0 = Release|Any CPU
		{0EE2F9FD-D16C-414E-944A-603EFBE1BEC6}.Release|x86.Deploy.0 = Release|Any CPU
	EndGlobalSection
	GlobalSection(SolutionProperties) = preSolution
		HideSolutionNode = FALSE
	EndGlobalSection
	GlobalSection(ExtensibilityGlobals) = postSolution
		SolutionGuid = {747A6E34-0687-4A55-BE5A-0D2E425BC22A}
	EndGlobalSection
EndGlobal
